
Microsoft Visual Studio Solution File, Format Version 12.00
# Visual Studio Version 17
Project("{8BC9CEB8-8B4A-11D0-8D11-00A0C91BC942}") = "Client", "Client\Client.vcxproj", "{644D06AC-50EF-3082-39AA-44D625EBB7D2}"
EndProject
Project("{2150E333-8FDC-42A3-9474-1A3956D46DE8}") = "Dependencies", "Dependencies", "{53E47842-3FC8-3998-A828-34EB942B241A}"
EndProject
Project("{8BC9CEB8-8B4A-11D0-8D11-00A0C91BC942}") = "glm", "dependencies\glm.vcxproj", "{6577880B-D180-887C-5AFC-9E7CC604947C}"
EndProject
Project("{8BC9CEB8-8B4A-11D0-8D11-00A0C91BC942}") = "spdlog", "dependencies\spdlog.vcxproj", "{8EAD431C-7A4F-6EF2-630A-82464F4BF542}"
EndProject
Project("{8BC9CEB8-8B4A-11D0-8D11-00A0C91BC942}") = "Renderer", "Renderer\Renderer.vcxproj", "{7CCE658F-689B-C09A-91B4-AE427DE0F528}"
EndProject
Global
	GlobalSection(SolutionConfigurationPlatforms) = preSolution
		Debug|x64 = Debug|x64
		Release|x64 = Release|x64
	EndGlobalSection
	GlobalSection(ProjectConfigurationPlatforms) = postSolution
		{644D06AC-50EF-3082-39AA-44D625EBB7D2}.Debug|x64.ActiveCfg = Debug|x64
		{644D06AC-50EF-3082-39AA-44D625EBB7D2}.Debug|x64.Build.0 = Debug|x64
		{644D06AC-50EF-3082-39AA-44D625EBB7D2}.Release|x64.ActiveCfg = Release|x64
		{644D06AC-50EF-3082-39AA-44D625EBB7D2}.Release|x64.Build.0 = Release|x64
		{6577880B-D180-887C-5AFC-9E7CC604947C}.Debug|x64.ActiveCfg = Debug|x64
		{6577880B-D180-887C-5AFC-9E7CC604947C}.Debug|x64.Build.0 = Debug|x64
		{6577880B-D180-887C-5AFC-9E7CC604947C}.Release|x64.ActiveCfg = Release|x64
		{6577880B-D180-887C-5AFC-9E7CC604947C}.Release|x64.Build.0 = Release|x64
		{8EAD431C-7A4F-6EF2-630A-82464F4BF542}.Debug|x64.ActiveCfg = Debug|x64
		{8EAD431C-7A4F-6EF2-630A-82464F4BF542}.Debug|x64.Build.0 = Debug|x64
		{8EAD431C-7A4F-6EF2-630A-82464F4BF542}.Release|x64.ActiveCfg = Release|x64
		{8EAD431C-7A4F-6EF2-630A-82464F4BF542}.Release|x64.Build.0 = Release|x64
		{7CCE658F-689B-C09A-91B4-AE427DE0F528}.Debug|x64.ActiveCfg = Debug|x64
		{7CCE658F-689B-C09A-91B4-AE427DE0F528}.Debug|x64.Build.0 = Debug|x64
		{7CCE658F-689B-C09A-91B4-AE427DE0F528}.Release|x64.ActiveCfg = Release|x64
		{7CCE658F-689B-C09A-91B4-AE427DE0F528}.Release|x64.Build.0 = Release|x64
	EndGlobalSection
	GlobalSection(SolutionProperties) = preSolution
		HideSolutionNode = FALSE
	EndGlobalSection
	GlobalSection(NestedProjects) = preSolution
		{6577880B-D180-887C-5AFC-9E7CC604947C} = {53E47842-3FC8-3998-A828-34EB942B241A}
		{8EAD431C-7A4F-6EF2-630A-82464F4BF542} = {53E47842-3FC8-3998-A828-34EB942B241A}
	EndGlobalSection
EndGlobal
